
Microsoft Visual Studio Solution File, Format Version 12.00
# Visual Studio Version 17
VisualStudioVersion = 17.0.31903.59
MinimumVisualStudioVersion = 10.0.40219.1
Project("{2150E333-8FDC-42A3-9474-1A3956D46DE8}") = "src", "src", "{11B36BA5-F25D-4CFB-A03E-D0FFCA64D498}"
EndProject
Project("{FAE04EC0-301F-11D3-BF4B-00C04F79EFBC}") = "SharedKernel", "src\SharedKernel\SharedKernel.csproj", "{7BAFED91-94B6-41F7-AD04-32AA6046FC47}"
EndProject
Project("{FAE04EC0-301F-11D3-BF4B-00C04F79EFBC}") = "TemporaryName.Application", "src\TemporaryName.Application\TemporaryName.Application.csproj", "{47E0BB10-6C8A-4062-8365-DFB94406A74F}"
EndProject
Project("{FAE04EC0-301F-11D3-BF4B-00C04F79EFBC}") = "TemporaryName.Application.Contracts", "src\TemporaryName.Application.Contracts\TemporaryName.Application.Contracts.csproj", "{29B204CD-2591-4B04-852C-E8C7B3BCEF44}"
EndProject
Project("{FAE04EC0-301F-11D3-BF4B-00C04F79EFBC}") = "TemporaryName.Infrastructure", "src\TemporaryName.Infrastructure\TemporaryName.Infrastructure.csproj", "{084C6431-A50E-422F-817A-A4C826413A92}"
EndProject
Project("{FAE04EC0-301F-11D3-BF4B-00C04F79EFBC}") = "TemporaryName.Infrastructure.Caching.Redis", "src\TemporaryName.Infrastructure.Caching.Redis\TemporaryName.Infrastructure.Caching.Redis.csproj", "{2404E145-2365-4857-9FFB-111A0BF5A42E}"
EndProject
Project("{FAE04EC0-301F-11D3-BF4B-00C04F79EFBC}") = "TemporaryName.Infrastructure.ChangeDataCapture.Debezium", "src\TemporaryName.Infrastructure.ChangeDataCapture.Debezium\TemporaryName.Infrastructure.ChangeDataCapture.Debezium.csproj", "{374C7C6E-8048-4AEC-BF3F-93BDA03472CB}"
EndProject
Project("{FAE04EC0-301F-11D3-BF4B-00C04F79EFBC}") = "TemporaryName.Infrastructure.Configuration", "src\TemporaryName.Infrastructure.Configuration\TemporaryName.Infrastructure.Configuration.csproj", "{4D5E3877-D5F1-44AE-A4F2-07E6A334D181}"
EndProject
Project("{FAE04EC0-301F-11D3-BF4B-00C04F79EFBC}") = "TemporaryName.Infrastructure.HttpClient", "src\TemporaryName.Infrastructure.HttpClient\TemporaryName.Infrastructure.HttpClient.csproj", "{2BF9B62A-DF70-4DBB-8AD0-1A59A1CC575D}"
EndProject
Project("{FAE04EC0-301F-11D3-BF4B-00C04F79EFBC}") = "TemporaryName.Infrastructure.Messaging.MassTransit", "src\TemporaryName.Infrastructure.Messaging.MassTransit\TemporaryName.Infrastructure.Messaging.MassTransit.csproj", "{AA0FD8C3-FC0C-4CDB-A915-B76AAB85CE14}"
EndProject
Project("{FAE04EC0-301F-11D3-BF4B-00C04F79EFBC}") = "TemporaryName.Infrastructure.Observability", "src\TemporaryName.Infrastructure.Observability\TemporaryName.Infrastructure.Observability.csproj", "{E3EC0983-D6C2-4771-B048-C68B70F9EC0C}"
EndProject
Project("{FAE04EC0-301F-11D3-BF4B-00C04F79EFBC}") = "TemporaryName.Infrastructure.Persistence.Seeding", "src\TemporaryName.Infrastructure.Persistence.Seeding\TemporaryName.Infrastructure.Persistence.Seeding.csproj", "{A80323DC-6AB5-45AD-ADEC-4280C8A86945}"
EndProject
Project("{FAE04EC0-301F-11D3-BF4B-00C04F79EFBC}") = "TemporaryName.Infrastructure.Persistence.Hybrid.Sql.PostgreSQL", "src\TemporaryName.Infrastructure.Persistence.Hybrid.Sql.PostgreSQL\TemporaryName.Infrastructure.Persistence.Hybrid.Sql.PostgreSQL.csproj", "{E16BE3D8-25A2-40F7-83F1-430346D51E1E}"
EndProject
Project("{FAE04EC0-301F-11D3-BF4B-00C04F79EFBC}") = "TemporaryName.Infrastructure.Security.Auth.Keycloak", "src\TemporaryName.Infrastructure.Security.Auth.Keycloak\TemporaryName.Infrastructure.Security.Auth.Keycloak.csproj", "{B8D10FC1-05FE-42EE-B76B-F950E96A9161}"
EndProject
Project("{FAE04EC0-301F-11D3-BF4B-00C04F79EFBC}") = "TemporaryName.WebApi", "src\TemporaryName.WebApi\TemporaryName.WebApi.csproj", "{02BFBAED-29CD-4E3D-923C-7E03AF59D9F1}"
EndProject
Project("{FAE04EC0-301F-11D3-BF4B-00C04F79EFBC}") = "TemporaryName.Domain", "src\TemporaryName.Domain\TemporaryName.Domain.csproj", "{D03AE00C-A451-4E2C-92D4-BE12A12EF76F}"
EndProject
Project("{2150E333-8FDC-42A3-9474-1A3956D46DE8}") = "tests", "tests", "{9675822A-F4D1-4C90-920B-916D31EF4535}"
EndProject
Project("{FAE04EC0-301F-11D3-BF4B-00C04F79EFBC}") = "SharedKernel.Tests", "tests\SharedKernel.Tests\SharedKernel.Tests.csproj", "{826C1999-4E5E-44FB-83A3-3C131690B841}"
EndProject
Project("{FAE04EC0-301F-11D3-BF4B-00C04F79EFBC}") = "TemporaryName.Application.Tests", "tests\TemporaryName.Application.Tests\TemporaryName.Application.Tests.csproj", "{DD8FFA4C-EBAF-4AD0-B485-2B4C5697BF81}"
EndProject
Project("{FAE04EC0-301F-11D3-BF4B-00C04F79EFBC}") = "TemporaryName.Domain.Tests", "tests\TemporaryName.Domain.Tests\TemporaryName.Domain.Tests.csproj", "{E4226620-3EC4-465F-B0C0-FEB1C1A11D92}"
EndProject
Project("{FAE04EC0-301F-11D3-BF4B-00C04F79EFBC}") = "TemporaryName.Infrastructure.Caching.Redis.Tests", "tests\TemporaryName.Infrastructure.Caching.Redis.Tests\TemporaryName.Infrastructure.Caching.Redis.Tests.csproj", "{00CDEF89-BEB6-4866-A660-3C2ADA2263F6}"
EndProject
Project("{FAE04EC0-301F-11D3-BF4B-00C04F79EFBC}") = "TemporaryName.Infrastructure.ChangeDataCapture.Debezium.Tests", "tests\TemporaryName.Infrastructure.ChangeDataCapture.Debezium.Tests\TemporaryName.Infrastructure.ChangeDataCapture.Debezium.Tests.csproj", "{DA05D9E6-E2D2-4709-B195-D345F53A2661}"
EndProject
Project("{FAE04EC0-301F-11D3-BF4B-00C04F79EFBC}") = "TemporaryName.Infrastructure.Configuration.Tests", "tests\TemporaryName.Infrastructure.Configuration.Tests\TemporaryName.Infrastructure.Configuration.Tests.csproj", "{C2F29C63-C5D5-471A-B988-36D7BCC8441D}"
EndProject
Project("{FAE04EC0-301F-11D3-BF4B-00C04F79EFBC}") = "TemporaryName.Infrastructure.HttpClient.Tests", "tests\TemporaryName.Infrastructure.HttpClient.Tests\TemporaryName.Infrastructure.HttpClient.Tests.csproj", "{A9AAAA3E-7801-4603-8DBB-877C64F81F63}"
EndProject
Project("{FAE04EC0-301F-11D3-BF4B-00C04F79EFBC}") = "TemporaryName.Infrastructure.Messaging.MassTransit.Tests", "tests\TemporaryName.Infrastructure.Messaging.MassTransit.Tests\TemporaryName.Infrastructure.Messaging.MassTransit.Tests.csproj", "{EAA0729C-4166-4D1D-B04D-9A34737B3736}"
EndProject
Project("{FAE04EC0-301F-11D3-BF4B-00C04F79EFBC}") = "TemporaryName.Infrastructure.Observability.Tests", "tests\TemporaryName.Infrastructure.Observability.Tests\TemporaryName.Infrastructure.Observability.Tests.csproj", "{C2729CB4-871C-4E99-8504-2D735FB4C0D4}"
EndProject
Project("{FAE04EC0-301F-11D3-BF4B-00C04F79EFBC}") = "TemporaryName.Infrastructure.Persistence.Seeding.Tests", "tests\TemporaryName.Infrastructure.Persistence.Seeding.Tests\TemporaryName.Infrastructure.Persistence.Seeding.Tests.csproj", "{021ED9B9-0C7F-49EA-8730-E9F157B27392}"
EndProject
Project("{FAE04EC0-301F-11D3-BF4B-00C04F79EFBC}") = "TemporaryName.Infrastructure.Persistence.Hybrid.Sql.PostgreSQL.Tests", "tests\TemporaryName.Infrastructure.Persistence.Hybrid.Sql.PostgreSQL.Tests\TemporaryName.Infrastructure.Persistence.Hybrid.Sql.PostgreSQL.Tests.csproj", "{3BEBFEF1-EF10-4AA3-B2C4-20F36E961F0C}"
EndProject
Project("{FAE04EC0-301F-11D3-BF4B-00C04F79EFBC}") = "TemporaryName.Infrastructure.Security.Auth.Keycloak.Tests", "tests\TemporaryName.Infrastructure.Security.Auth.Keycloak.Tests\TemporaryName.Infrastructure.Security.Auth.Keycloak.Tests.csproj", "{C4D06C6E-08F0-4A3C-B451-234CEE4121CC}"
EndProject
Project("{FAE04EC0-301F-11D3-BF4B-00C04F79EFBC}") = "TemporaryName.Infrastructure.Tests", "tests\TemporaryName.Infrastructure.Tests\TemporaryName.Infrastructure.Tests.csproj", "{2DE5A6B4-1EAC-46A2-A0F0-AEA125032A4C}"
EndProject
Project("{FAE04EC0-301F-11D3-BF4B-00C04F79EFBC}") = "TemporaryName.WebApi.Tests", "tests\TemporaryName.WebApi.Tests\TemporaryName.WebApi.Tests.csproj", "{3B152233-55B5-4CF6-A1C3-3C8245E3BF6E}"
EndProject
Project("{2150E333-8FDC-42A3-9474-1A3956D46DE8}") = "tools", "tools", "{07C2787E-EAC7-C090-1BA3-A61EC2A24D84}"
EndProject
Project("{FAE04EC0-301F-11D3-BF4B-00C04F79EFBC}") = "TemporaryName.Tools.Persistence.Migrations", "tools\TemporaryName.Tools.Persistence.Migrations\TemporaryName.Tools.Persistence.Migrations.csproj", "{12B0B6DE-97D5-4704-BB77-D45B3DC917D2}"
EndProject
Project("{FAE04EC0-301F-11D3-BF4B-00C04F79EFBC}") = "TemporaryName.Tools.Persistence.Seeding", "tools\TemporaryName.Tools.Persistence.Seeding\TemporaryName.Tools.Persistence.Seeding.csproj", "{B693B9CB-ED87-4378-9981-449056C16DB3}"
EndProject
Project("{FAE04EC0-301F-11D3-BF4B-00C04F79EFBC}") = "TemporaryName.Worker.Hangfire", "src\TemporaryName.Worker.Hangfire\TemporaryName.Worker.Hangfire.csproj", "{323CC5BA-C92B-4C9D-934D-E5C68D78E06D}"
EndProject
Project("{FAE04EC0-301F-11D3-BF4B-00C04F79EFBC}") = "TemporaryName.Worker.Quartz", "src\TemporaryName.Worker.Quartz\TemporaryName.Worker.Quartz.csproj", "{F33F5392-5C33-41B3-BAAC-9634FE26DFB4}"
EndProject
Project("{FAE04EC0-301F-11D3-BF4B-00C04F79EFBC}") = "TemporaryName.Infrastructure.Hosting.Extensions", "src\TemporaryName.Infrastructure.Hosting.Extensions\TemporaryName.Infrastructure.Hosting.Extensions.csproj", "{54A6F2CD-FEBE-4DC5-B7B5-D9C342584DE8}"
EndProject
Project("{FAE04EC0-301F-11D3-BF4B-00C04F79EFBC}") = "TemporaryName.Common", "src\TemporaryName.Common\TemporaryName.Common.csproj", "{AF8870BD-2540-42D8-BE15-9CA234AB336F}"
EndProject
Project("{FAE04EC0-301F-11D3-BF4B-00C04F79EFBC}") = "TemporaryName.Domain.Contracts", "src\TemporaryName.Domain.Contracts\TemporaryName.Domain.Contracts.csproj", "{7E558840-07A7-4AFA-A498-24A5DF25C0AC}"
EndProject
Project("{FAE04EC0-301F-11D3-BF4B-00C04F79EFBC}") = "TemporaryName.Infrastructure.Outbox.EFCore", "src\TemporaryName.Infrastructure.Outbox.EFCore\TemporaryName.Infrastructure.Outbox.EFCore.csproj", "{80B35F9F-5CDD-4696-ADEB-C62CD9FDFBAD}"
EndProject
Project("{FAE04EC0-301F-11D3-BF4B-00C04F79EFBC}") = "TemporaryName.SharedContracts.Protobuf", "src\TemporaryName.SharedContracts.Protobuf\TemporaryName.SharedContracts.Protobuf.csproj", "{0281A5C3-CF42-41E0-A2A4-C1F7B46A2401}"
EndProject
Project("{FAE04EC0-301F-11D3-BF4B-00C04F79EFBC}") = "TemporaryName.Infrastructure.Outbox.Abstractions", "src\TemporaryName.Infrastructure.Outbox.Abstractions\TemporaryName.Infrastructure.Outbox.Abstractions.csproj", "{BC941AF4-9E30-489A-9AFB-95958C638C5C}"
EndProject
Project("{FAE04EC0-301F-11D3-BF4B-00C04F79EFBC}") = "TemporaryName.Infrastructure.Persistence.Common.EFCore", "src\TemporaryName.Infrastructure.Persistence.Common.EFCore\TemporaryName.Infrastructure.Persistence.Common.EFCore.csproj", "{BEC1B9A1-E0B4-4CEF-810B-A9F65742A0A5}"
EndProject
Project("{FAE04EC0-301F-11D3-BF4B-00C04F79EFBC}") = "TemporaryName.Infrastructure.Security.Authorization", "src\TemporaryName.Infrastructure.Security.Authorization\TemporaryName.Infrastructure.Security.Authorization.csproj", "{D014D9B9-9D3D-4645-814F-CC127542D46E}"
EndProject
Project("{FAE04EC0-301F-11D3-BF4B-00C04F79EFBC}") = "TemporaryName.Infrastructure.Web.ExceptionHandling", "src\TemporaryName.Infrastructure.Web.ExceptionHandling\TemporaryName.Infrastructure.Web.ExceptionHandling.csproj", "{D4E8F8C7-1C66-4CA1-B99D-40BB42B81F39}"
EndProject
Project("{FAE04EC0-301F-11D3-BF4B-00C04F79EFBC}") = "TemporaryName.Infrastructure.MultiTenancy", "src\TemporaryName.Infrastructure.MultiTenancy\TemporaryName.Infrastructure.MultiTenancy.csproj", "{B6084BB9-217F-4571-8F6C-8E892719B636}"
EndProject
Project("{FAE04EC0-301F-11D3-BF4B-00C04F79EFBC}") = "TemporaryName.Infrastructure.DataAccess", "src\TemporaryName.Infrastructure.DataAccess\TemporaryName.Infrastructure.DataAccess.csproj", "{291F77CF-9DF3-4D7F-B884-501CE4FE8750}"
EndProject
Project("{FAE04EC0-301F-11D3-BF4B-00C04F79EFBC}") = "TemporaryName.Infrastructure.Caching.Abstractions", "src\TemporaryName.Infrastructure.Caching.Abstractions\TemporaryName.Infrastructure.Caching.Abstractions.csproj", "{1877E50B-6FB7-42F1-8E4B-5C17FA46DEDA}"
EndProject
Project("{FAE04EC0-301F-11D3-BF4B-00C04F79EFBC}") = "TemporaryName.Infrastructure.Caching.Memcached", "src\TemporaryName.Infrastructure.Caching.Memcached\TemporaryName.Infrastructure.Caching.Memcached.csproj", "{DA37A7A9-0C08-4D62-8B07-BD0114058E47}"
EndProject
Global
	GlobalSection(SolutionConfigurationPlatforms) = preSolution
		Debug|Any CPU = Debug|Any CPU
		Debug|x64 = Debug|x64
		Debug|x86 = Debug|x86
		Release|Any CPU = Release|Any CPU
		Release|x64 = Release|x64
		Release|x86 = Release|x86
	EndGlobalSection
	GlobalSection(ProjectConfigurationPlatforms) = postSolution
		{7BAFED91-94B6-41F7-AD04-32AA6046FC47}.Debug|Any CPU.ActiveCfg = Debug|Any CPU
		{7BAFED91-94B6-41F7-AD04-32AA6046FC47}.Debug|Any CPU.Build.0 = Debug|Any CPU
		{7BAFED91-94B6-41F7-AD04-32AA6046FC47}.Debug|x64.ActiveCfg = Debug|Any CPU
		{7BAFED91-94B6-41F7-AD04-32AA6046FC47}.Debug|x64.Build.0 = Debug|Any CPU
		{7BAFED91-94B6-41F7-AD04-32AA6046FC47}.Debug|x86.ActiveCfg = Debug|Any CPU
		{7BAFED91-94B6-41F7-AD04-32AA6046FC47}.Debug|x86.Build.0 = Debug|Any CPU
		{7BAFED91-94B6-41F7-AD04-32AA6046FC47}.Release|Any CPU.ActiveCfg = Release|Any CPU
		{7BAFED91-94B6-41F7-AD04-32AA6046FC47}.Release|Any CPU.Build.0 = Release|Any CPU
		{7BAFED91-94B6-41F7-AD04-32AA6046FC47}.Release|x64.ActiveCfg = Release|Any CPU
		{7BAFED91-94B6-41F7-AD04-32AA6046FC47}.Release|x64.Build.0 = Release|Any CPU
		{7BAFED91-94B6-41F7-AD04-32AA6046FC47}.Release|x86.ActiveCfg = Release|Any CPU
		{7BAFED91-94B6-41F7-AD04-32AA6046FC47}.Release|x86.Build.0 = Release|Any CPU
		{47E0BB10-6C8A-4062-8365-DFB94406A74F}.Debug|Any CPU.ActiveCfg = Debug|Any CPU
		{47E0BB10-6C8A-4062-8365-DFB94406A74F}.Debug|Any CPU.Build.0 = Debug|Any CPU
		{47E0BB10-6C8A-4062-8365-DFB94406A74F}.Debug|x64.ActiveCfg = Debug|Any CPU
		{47E0BB10-6C8A-4062-8365-DFB94406A74F}.Debug|x64.Build.0 = Debug|Any CPU
		{47E0BB10-6C8A-4062-8365-DFB94406A74F}.Debug|x86.ActiveCfg = Debug|Any CPU
		{47E0BB10-6C8A-4062-8365-DFB94406A74F}.Debug|x86.Build.0 = Debug|Any CPU
		{47E0BB10-6C8A-4062-8365-DFB94406A74F}.Release|Any CPU.ActiveCfg = Release|Any CPU
		{47E0BB10-6C8A-4062-8365-DFB94406A74F}.Release|Any CPU.Build.0 = Release|Any CPU
		{47E0BB10-6C8A-4062-8365-DFB94406A74F}.Release|x64.ActiveCfg = Release|Any CPU
		{47E0BB10-6C8A-4062-8365-DFB94406A74F}.Release|x64.Build.0 = Release|Any CPU
		{47E0BB10-6C8A-4062-8365-DFB94406A74F}.Release|x86.ActiveCfg = Release|Any CPU
		{47E0BB10-6C8A-4062-8365-DFB94406A74F}.Release|x86.Build.0 = Release|Any CPU
		{29B204CD-2591-4B04-852C-E8C7B3BCEF44}.Debug|Any CPU.ActiveCfg = Debug|Any CPU
		{29B204CD-2591-4B04-852C-E8C7B3BCEF44}.Debug|Any CPU.Build.0 = Debug|Any CPU
		{29B204CD-2591-4B04-852C-E8C7B3BCEF44}.Debug|x64.ActiveCfg = Debug|Any CPU
		{29B204CD-2591-4B04-852C-E8C7B3BCEF44}.Debug|x64.Build.0 = Debug|Any CPU
		{29B204CD-2591-4B04-852C-E8C7B3BCEF44}.Debug|x86.ActiveCfg = Debug|Any CPU
		{29B204CD-2591-4B04-852C-E8C7B3BCEF44}.Debug|x86.Build.0 = Debug|Any CPU
		{29B204CD-2591-4B04-852C-E8C7B3BCEF44}.Release|Any CPU.ActiveCfg = Release|Any CPU
		{29B204CD-2591-4B04-852C-E8C7B3BCEF44}.Release|Any CPU.Build.0 = Release|Any CPU
		{29B204CD-2591-4B04-852C-E8C7B3BCEF44}.Release|x64.ActiveCfg = Release|Any CPU
		{29B204CD-2591-4B04-852C-E8C7B3BCEF44}.Release|x64.Build.0 = Release|Any CPU
		{29B204CD-2591-4B04-852C-E8C7B3BCEF44}.Release|x86.ActiveCfg = Release|Any CPU
		{29B204CD-2591-4B04-852C-E8C7B3BCEF44}.Release|x86.Build.0 = Release|Any CPU
		{084C6431-A50E-422F-817A-A4C826413A92}.Debug|Any CPU.ActiveCfg = Debug|Any CPU
		{084C6431-A50E-422F-817A-A4C826413A92}.Debug|Any CPU.Build.0 = Debug|Any CPU
		{084C6431-A50E-422F-817A-A4C826413A92}.Debug|x64.ActiveCfg = Debug|Any CPU
		{084C6431-A50E-422F-817A-A4C826413A92}.Debug|x64.Build.0 = Debug|Any CPU
		{084C6431-A50E-422F-817A-A4C826413A92}.Debug|x86.ActiveCfg = Debug|Any CPU
		{084C6431-A50E-422F-817A-A4C826413A92}.Debug|x86.Build.0 = Debug|Any CPU
		{084C6431-A50E-422F-817A-A4C826413A92}.Release|Any CPU.ActiveCfg = Release|Any CPU
		{084C6431-A50E-422F-817A-A4C826413A92}.Release|Any CPU.Build.0 = Release|Any CPU
		{084C6431-A50E-422F-817A-A4C826413A92}.Release|x64.ActiveCfg = Release|Any CPU
		{084C6431-A50E-422F-817A-A4C826413A92}.Release|x64.Build.0 = Release|Any CPU
		{084C6431-A50E-422F-817A-A4C826413A92}.Release|x86.ActiveCfg = Release|Any CPU
		{084C6431-A50E-422F-817A-A4C826413A92}.Release|x86.Build.0 = Release|Any CPU
		{2404E145-2365-4857-9FFB-111A0BF5A42E}.Debug|Any CPU.ActiveCfg = Debug|Any CPU
		{2404E145-2365-4857-9FFB-111A0BF5A42E}.Debug|Any CPU.Build.0 = Debug|Any CPU
		{2404E145-2365-4857-9FFB-111A0BF5A42E}.Debug|x64.ActiveCfg = Debug|Any CPU
		{2404E145-2365-4857-9FFB-111A0BF5A42E}.Debug|x64.Build.0 = Debug|Any CPU
		{2404E145-2365-4857-9FFB-111A0BF5A42E}.Debug|x86.ActiveCfg = Debug|Any CPU
		{2404E145-2365-4857-9FFB-111A0BF5A42E}.Debug|x86.Build.0 = Debug|Any CPU
		{2404E145-2365-4857-9FFB-111A0BF5A42E}.Release|Any CPU.ActiveCfg = Release|Any CPU
		{2404E145-2365-4857-9FFB-111A0BF5A42E}.Release|Any CPU.Build.0 = Release|Any CPU
		{2404E145-2365-4857-9FFB-111A0BF5A42E}.Release|x64.ActiveCfg = Release|Any CPU
		{2404E145-2365-4857-9FFB-111A0BF5A42E}.Release|x64.Build.0 = Release|Any CPU
		{2404E145-2365-4857-9FFB-111A0BF5A42E}.Release|x86.ActiveCfg = Release|Any CPU
		{2404E145-2365-4857-9FFB-111A0BF5A42E}.Release|x86.Build.0 = Release|Any CPU
		{374C7C6E-8048-4AEC-BF3F-93BDA03472CB}.Debug|Any CPU.ActiveCfg = Debug|Any CPU
		{374C7C6E-8048-4AEC-BF3F-93BDA03472CB}.Debug|Any CPU.Build.0 = Debug|Any CPU
		{374C7C6E-8048-4AEC-BF3F-93BDA03472CB}.Debug|x64.ActiveCfg = Debug|Any CPU
		{374C7C6E-8048-4AEC-BF3F-93BDA03472CB}.Debug|x64.Build.0 = Debug|Any CPU
		{374C7C6E-8048-4AEC-BF3F-93BDA03472CB}.Debug|x86.ActiveCfg = Debug|Any CPU
		{374C7C6E-8048-4AEC-BF3F-93BDA03472CB}.Debug|x86.Build.0 = Debug|Any CPU
		{374C7C6E-8048-4AEC-BF3F-93BDA03472CB}.Release|Any CPU.ActiveCfg = Release|Any CPU
		{374C7C6E-8048-4AEC-BF3F-93BDA03472CB}.Release|Any CPU.Build.0 = Release|Any CPU
		{374C7C6E-8048-4AEC-BF3F-93BDA03472CB}.Release|x64.ActiveCfg = Release|Any CPU
		{374C7C6E-8048-4AEC-BF3F-93BDA03472CB}.Release|x64.Build.0 = Release|Any CPU
		{374C7C6E-8048-4AEC-BF3F-93BDA03472CB}.Release|x86.ActiveCfg = Release|Any CPU
		{374C7C6E-8048-4AEC-BF3F-93BDA03472CB}.Release|x86.Build.0 = Release|Any CPU
		{4D5E3877-D5F1-44AE-A4F2-07E6A334D181}.Debug|Any CPU.ActiveCfg = Debug|Any CPU
		{4D5E3877-D5F1-44AE-A4F2-07E6A334D181}.Debug|Any CPU.Build.0 = Debug|Any CPU
		{4D5E3877-D5F1-44AE-A4F2-07E6A334D181}.Debug|x64.ActiveCfg = Debug|Any CPU
		{4D5E3877-D5F1-44AE-A4F2-07E6A334D181}.Debug|x64.Build.0 = Debug|Any CPU
		{4D5E3877-D5F1-44AE-A4F2-07E6A334D181}.Debug|x86.ActiveCfg = Debug|Any CPU
		{4D5E3877-D5F1-44AE-A4F2-07E6A334D181}.Debug|x86.Build.0 = Debug|Any CPU
		{4D5E3877-D5F1-44AE-A4F2-07E6A334D181}.Release|Any CPU.ActiveCfg = Release|Any CPU
		{4D5E3877-D5F1-44AE-A4F2-07E6A334D181}.Release|Any CPU.Build.0 = Release|Any CPU
		{4D5E3877-D5F1-44AE-A4F2-07E6A334D181}.Release|x64.ActiveCfg = Release|Any CPU
		{4D5E3877-D5F1-44AE-A4F2-07E6A334D181}.Release|x64.Build.0 = Release|Any CPU
		{4D5E3877-D5F1-44AE-A4F2-07E6A334D181}.Release|x86.ActiveCfg = Release|Any CPU
		{4D5E3877-D5F1-44AE-A4F2-07E6A334D181}.Release|x86.Build.0 = Release|Any CPU
		{2BF9B62A-DF70-4DBB-8AD0-1A59A1CC575D}.Debug|Any CPU.ActiveCfg = Debug|Any CPU
		{2BF9B62A-DF70-4DBB-8AD0-1A59A1CC575D}.Debug|Any CPU.Build.0 = Debug|Any CPU
		{2BF9B62A-DF70-4DBB-8AD0-1A59A1CC575D}.Debug|x64.ActiveCfg = Debug|Any CPU
		{2BF9B62A-DF70-4DBB-8AD0-1A59A1CC575D}.Debug|x64.Build.0 = Debug|Any CPU
		{2BF9B62A-DF70-4DBB-8AD0-1A59A1CC575D}.Debug|x86.ActiveCfg = Debug|Any CPU
		{2BF9B62A-DF70-4DBB-8AD0-1A59A1CC575D}.Debug|x86.Build.0 = Debug|Any CPU
		{2BF9B62A-DF70-4DBB-8AD0-1A59A1CC575D}.Release|Any CPU.ActiveCfg = Release|Any CPU
		{2BF9B62A-DF70-4DBB-8AD0-1A59A1CC575D}.Release|Any CPU.Build.0 = Release|Any CPU
		{2BF9B62A-DF70-4DBB-8AD0-1A59A1CC575D}.Release|x64.ActiveCfg = Release|Any CPU
		{2BF9B62A-DF70-4DBB-8AD0-1A59A1CC575D}.Release|x64.Build.0 = Release|Any CPU
		{2BF9B62A-DF70-4DBB-8AD0-1A59A1CC575D}.Release|x86.ActiveCfg = Release|Any CPU
		{2BF9B62A-DF70-4DBB-8AD0-1A59A1CC575D}.Release|x86.Build.0 = Release|Any CPU
		{AA0FD8C3-FC0C-4CDB-A915-B76AAB85CE14}.Debug|Any CPU.ActiveCfg = Debug|Any CPU
		{AA0FD8C3-FC0C-4CDB-A915-B76AAB85CE14}.Debug|Any CPU.Build.0 = Debug|Any CPU
		{AA0FD8C3-FC0C-4CDB-A915-B76AAB85CE14}.Debug|x64.ActiveCfg = Debug|Any CPU
		{AA0FD8C3-FC0C-4CDB-A915-B76AAB85CE14}.Debug|x64.Build.0 = Debug|Any CPU
		{AA0FD8C3-FC0C-4CDB-A915-B76AAB85CE14}.Debug|x86.ActiveCfg = Debug|Any CPU
		{AA0FD8C3-FC0C-4CDB-A915-B76AAB85CE14}.Debug|x86.Build.0 = Debug|Any CPU
		{AA0FD8C3-FC0C-4CDB-A915-B76AAB85CE14}.Release|Any CPU.ActiveCfg = Release|Any CPU
		{AA0FD8C3-FC0C-4CDB-A915-B76AAB85CE14}.Release|Any CPU.Build.0 = Release|Any CPU
		{AA0FD8C3-FC0C-4CDB-A915-B76AAB85CE14}.Release|x64.ActiveCfg = Release|Any CPU
		{AA0FD8C3-FC0C-4CDB-A915-B76AAB85CE14}.Release|x64.Build.0 = Release|Any CPU
		{AA0FD8C3-FC0C-4CDB-A915-B76AAB85CE14}.Release|x86.ActiveCfg = Release|Any CPU
		{AA0FD8C3-FC0C-4CDB-A915-B76AAB85CE14}.Release|x86.Build.0 = Release|Any CPU
		{E3EC0983-D6C2-4771-B048-C68B70F9EC0C}.Debug|Any CPU.ActiveCfg = Debug|Any CPU
		{E3EC0983-D6C2-4771-B048-C68B70F9EC0C}.Debug|Any CPU.Build.0 = Debug|Any CPU
		{E3EC0983-D6C2-4771-B048-C68B70F9EC0C}.Debug|x64.ActiveCfg = Debug|Any CPU
		{E3EC0983-D6C2-4771-B048-C68B70F9EC0C}.Debug|x64.Build.0 = Debug|Any CPU
		{E3EC0983-D6C2-4771-B048-C68B70F9EC0C}.Debug|x86.ActiveCfg = Debug|Any CPU
		{E3EC0983-D6C2-4771-B048-C68B70F9EC0C}.Debug|x86.Build.0 = Debug|Any CPU
		{E3EC0983-D6C2-4771-B048-C68B70F9EC0C}.Release|Any CPU.ActiveCfg = Release|Any CPU
		{E3EC0983-D6C2-4771-B048-C68B70F9EC0C}.Release|Any CPU.Build.0 = Release|Any CPU
		{E3EC0983-D6C2-4771-B048-C68B70F9EC0C}.Release|x64.ActiveCfg = Release|Any CPU
		{E3EC0983-D6C2-4771-B048-C68B70F9EC0C}.Release|x64.Build.0 = Release|Any CPU
		{E3EC0983-D6C2-4771-B048-C68B70F9EC0C}.Release|x86.ActiveCfg = Release|Any CPU
		{E3EC0983-D6C2-4771-B048-C68B70F9EC0C}.Release|x86.Build.0 = Release|Any CPU
		{A80323DC-6AB5-45AD-ADEC-4280C8A86945}.Debug|Any CPU.ActiveCfg = Debug|Any CPU
		{A80323DC-6AB5-45AD-ADEC-4280C8A86945}.Debug|Any CPU.Build.0 = Debug|Any CPU
		{A80323DC-6AB5-45AD-ADEC-4280C8A86945}.Debug|x64.ActiveCfg = Debug|Any CPU
		{A80323DC-6AB5-45AD-ADEC-4280C8A86945}.Debug|x64.Build.0 = Debug|Any CPU
		{A80323DC-6AB5-45AD-ADEC-4280C8A86945}.Debug|x86.ActiveCfg = Debug|Any CPU
		{A80323DC-6AB5-45AD-ADEC-4280C8A86945}.Debug|x86.Build.0 = Debug|Any CPU
		{A80323DC-6AB5-45AD-ADEC-4280C8A86945}.Release|Any CPU.ActiveCfg = Release|Any CPU
		{A80323DC-6AB5-45AD-ADEC-4280C8A86945}.Release|Any CPU.Build.0 = Release|Any CPU
		{A80323DC-6AB5-45AD-ADEC-4280C8A86945}.Release|x64.ActiveCfg = Release|Any CPU
		{A80323DC-6AB5-45AD-ADEC-4280C8A86945}.Release|x64.Build.0 = Release|Any CPU
		{A80323DC-6AB5-45AD-ADEC-4280C8A86945}.Release|x86.ActiveCfg = Release|Any CPU
		{A80323DC-6AB5-45AD-ADEC-4280C8A86945}.Release|x86.Build.0 = Release|Any CPU
		{E16BE3D8-25A2-40F7-83F1-430346D51E1E}.Debug|Any CPU.ActiveCfg = Debug|Any CPU
		{E16BE3D8-25A2-40F7-83F1-430346D51E1E}.Debug|Any CPU.Build.0 = Debug|Any CPU
		{E16BE3D8-25A2-40F7-83F1-430346D51E1E}.Debug|x64.ActiveCfg = Debug|Any CPU
		{E16BE3D8-25A2-40F7-83F1-430346D51E1E}.Debug|x64.Build.0 = Debug|Any CPU
		{E16BE3D8-25A2-40F7-83F1-430346D51E1E}.Debug|x86.ActiveCfg = Debug|Any CPU
		{E16BE3D8-25A2-40F7-83F1-430346D51E1E}.Debug|x86.Build.0 = Debug|Any CPU
		{E16BE3D8-25A2-40F7-83F1-430346D51E1E}.Release|Any CPU.ActiveCfg = Release|Any CPU
		{E16BE3D8-25A2-40F7-83F1-430346D51E1E}.Release|Any CPU.Build.0 = Release|Any CPU
		{E16BE3D8-25A2-40F7-83F1-430346D51E1E}.Release|x64.ActiveCfg = Release|Any CPU
		{E16BE3D8-25A2-40F7-83F1-430346D51E1E}.Release|x64.Build.0 = Release|Any CPU
		{E16BE3D8-25A2-40F7-83F1-430346D51E1E}.Release|x86.ActiveCfg = Release|Any CPU
		{E16BE3D8-25A2-40F7-83F1-430346D51E1E}.Release|x86.Build.0 = Release|Any CPU
		{B8D10FC1-05FE-42EE-B76B-F950E96A9161}.Debug|Any CPU.ActiveCfg = Debug|Any CPU
		{B8D10FC1-05FE-42EE-B76B-F950E96A9161}.Debug|Any CPU.Build.0 = Debug|Any CPU
		{B8D10FC1-05FE-42EE-B76B-F950E96A9161}.Debug|x64.ActiveCfg = Debug|Any CPU
		{B8D10FC1-05FE-42EE-B76B-F950E96A9161}.Debug|x64.Build.0 = Debug|Any CPU
		{B8D10FC1-05FE-42EE-B76B-F950E96A9161}.Debug|x86.ActiveCfg = Debug|Any CPU
		{B8D10FC1-05FE-42EE-B76B-F950E96A9161}.Debug|x86.Build.0 = Debug|Any CPU
		{B8D10FC1-05FE-42EE-B76B-F950E96A9161}.Release|Any CPU.ActiveCfg = Release|Any CPU
		{B8D10FC1-05FE-42EE-B76B-F950E96A9161}.Release|Any CPU.Build.0 = Release|Any CPU
		{B8D10FC1-05FE-42EE-B76B-F950E96A9161}.Release|x64.ActiveCfg = Release|Any CPU
		{B8D10FC1-05FE-42EE-B76B-F950E96A9161}.Release|x64.Build.0 = Release|Any CPU
		{B8D10FC1-05FE-42EE-B76B-F950E96A9161}.Release|x86.ActiveCfg = Release|Any CPU
		{B8D10FC1-05FE-42EE-B76B-F950E96A9161}.Release|x86.Build.0 = Release|Any CPU
		{02BFBAED-29CD-4E3D-923C-7E03AF59D9F1}.Debug|Any CPU.ActiveCfg = Debug|Any CPU
		{02BFBAED-29CD-4E3D-923C-7E03AF59D9F1}.Debug|Any CPU.Build.0 = Debug|Any CPU
		{02BFBAED-29CD-4E3D-923C-7E03AF59D9F1}.Debug|x64.ActiveCfg = Debug|Any CPU
		{02BFBAED-29CD-4E3D-923C-7E03AF59D9F1}.Debug|x64.Build.0 = Debug|Any CPU
		{02BFBAED-29CD-4E3D-923C-7E03AF59D9F1}.Debug|x86.ActiveCfg = Debug|Any CPU
		{02BFBAED-29CD-4E3D-923C-7E03AF59D9F1}.Debug|x86.Build.0 = Debug|Any CPU
		{02BFBAED-29CD-4E3D-923C-7E03AF59D9F1}.Release|Any CPU.ActiveCfg = Release|Any CPU
		{02BFBAED-29CD-4E3D-923C-7E03AF59D9F1}.Release|Any CPU.Build.0 = Release|Any CPU
		{02BFBAED-29CD-4E3D-923C-7E03AF59D9F1}.Release|x64.ActiveCfg = Release|Any CPU
		{02BFBAED-29CD-4E3D-923C-7E03AF59D9F1}.Release|x64.Build.0 = Release|Any CPU
		{02BFBAED-29CD-4E3D-923C-7E03AF59D9F1}.Release|x86.ActiveCfg = Release|Any CPU
		{02BFBAED-29CD-4E3D-923C-7E03AF59D9F1}.Release|x86.Build.0 = Release|Any CPU
		{D03AE00C-A451-4E2C-92D4-BE12A12EF76F}.Debug|Any CPU.ActiveCfg = Debug|Any CPU
		{D03AE00C-A451-4E2C-92D4-BE12A12EF76F}.Debug|Any CPU.Build.0 = Debug|Any CPU
		{D03AE00C-A451-4E2C-92D4-BE12A12EF76F}.Debug|x64.ActiveCfg = Debug|Any CPU
		{D03AE00C-A451-4E2C-92D4-BE12A12EF76F}.Debug|x64.Build.0 = Debug|Any CPU
		{D03AE00C-A451-4E2C-92D4-BE12A12EF76F}.Debug|x86.ActiveCfg = Debug|Any CPU
		{D03AE00C-A451-4E2C-92D4-BE12A12EF76F}.Debug|x86.Build.0 = Debug|Any CPU
		{D03AE00C-A451-4E2C-92D4-BE12A12EF76F}.Release|Any CPU.ActiveCfg = Release|Any CPU
		{D03AE00C-A451-4E2C-92D4-BE12A12EF76F}.Release|Any CPU.Build.0 = Release|Any CPU
		{D03AE00C-A451-4E2C-92D4-BE12A12EF76F}.Release|x64.ActiveCfg = Release|Any CPU
		{D03AE00C-A451-4E2C-92D4-BE12A12EF76F}.Release|x64.Build.0 = Release|Any CPU
		{D03AE00C-A451-4E2C-92D4-BE12A12EF76F}.Release|x86.ActiveCfg = Release|Any CPU
		{D03AE00C-A451-4E2C-92D4-BE12A12EF76F}.Release|x86.Build.0 = Release|Any CPU
		{826C1999-4E5E-44FB-83A3-3C131690B841}.Debug|Any CPU.ActiveCfg = Debug|Any CPU
		{826C1999-4E5E-44FB-83A3-3C131690B841}.Debug|Any CPU.Build.0 = Debug|Any CPU
		{826C1999-4E5E-44FB-83A3-3C131690B841}.Debug|x64.ActiveCfg = Debug|Any CPU
		{826C1999-4E5E-44FB-83A3-3C131690B841}.Debug|x64.Build.0 = Debug|Any CPU
		{826C1999-4E5E-44FB-83A3-3C131690B841}.Debug|x86.ActiveCfg = Debug|Any CPU
		{826C1999-4E5E-44FB-83A3-3C131690B841}.Debug|x86.Build.0 = Debug|Any CPU
		{826C1999-4E5E-44FB-83A3-3C131690B841}.Release|Any CPU.ActiveCfg = Release|Any CPU
		{826C1999-4E5E-44FB-83A3-3C131690B841}.Release|Any CPU.Build.0 = Release|Any CPU
		{826C1999-4E5E-44FB-83A3-3C131690B841}.Release|x64.ActiveCfg = Release|Any CPU
		{826C1999-4E5E-44FB-83A3-3C131690B841}.Release|x64.Build.0 = Release|Any CPU
		{826C1999-4E5E-44FB-83A3-3C131690B841}.Release|x86.ActiveCfg = Release|Any CPU
		{826C1999-4E5E-44FB-83A3-3C131690B841}.Release|x86.Build.0 = Release|Any CPU
		{DD8FFA4C-EBAF-4AD0-B485-2B4C5697BF81}.Debug|Any CPU.ActiveCfg = Debug|Any CPU
		{DD8FFA4C-EBAF-4AD0-B485-2B4C5697BF81}.Debug|Any CPU.Build.0 = Debug|Any CPU
		{DD8FFA4C-EBAF-4AD0-B485-2B4C5697BF81}.Debug|x64.ActiveCfg = Debug|Any CPU
		{DD8FFA4C-EBAF-4AD0-B485-2B4C5697BF81}.Debug|x64.Build.0 = Debug|Any CPU
		{DD8FFA4C-EBAF-4AD0-B485-2B4C5697BF81}.Debug|x86.ActiveCfg = Debug|Any CPU
		{DD8FFA4C-EBAF-4AD0-B485-2B4C5697BF81}.Debug|x86.Build.0 = Debug|Any CPU
		{DD8FFA4C-EBAF-4AD0-B485-2B4C5697BF81}.Release|Any CPU.ActiveCfg = Release|Any CPU
		{DD8FFA4C-EBAF-4AD0-B485-2B4C5697BF81}.Release|Any CPU.Build.0 = Release|Any CPU
		{DD8FFA4C-EBAF-4AD0-B485-2B4C5697BF81}.Release|x64.ActiveCfg = Release|Any CPU
		{DD8FFA4C-EBAF-4AD0-B485-2B4C5697BF81}.Release|x64.Build.0 = Release|Any CPU
		{DD8FFA4C-EBAF-4AD0-B485-2B4C5697BF81}.Release|x86.ActiveCfg = Release|Any CPU
		{DD8FFA4C-EBAF-4AD0-B485-2B4C5697BF81}.Release|x86.Build.0 = Release|Any CPU
		{E4226620-3EC4-465F-B0C0-FEB1C1A11D92}.Debug|Any CPU.ActiveCfg = Debug|Any CPU
		{E4226620-3EC4-465F-B0C0-FEB1C1A11D92}.Debug|Any CPU.Build.0 = Debug|Any CPU
		{E4226620-3EC4-465F-B0C0-FEB1C1A11D92}.Debug|x64.ActiveCfg = Debug|Any CPU
		{E4226620-3EC4-465F-B0C0-FEB1C1A11D92}.Debug|x64.Build.0 = Debug|Any CPU
		{E4226620-3EC4-465F-B0C0-FEB1C1A11D92}.Debug|x86.ActiveCfg = Debug|Any CPU
		{E4226620-3EC4-465F-B0C0-FEB1C1A11D92}.Debug|x86.Build.0 = Debug|Any CPU
		{E4226620-3EC4-465F-B0C0-FEB1C1A11D92}.Release|Any CPU.ActiveCfg = Release|Any CPU
		{E4226620-3EC4-465F-B0C0-FEB1C1A11D92}.Release|Any CPU.Build.0 = Release|Any CPU
		{E4226620-3EC4-465F-B0C0-FEB1C1A11D92}.Release|x64.ActiveCfg = Release|Any CPU
		{E4226620-3EC4-465F-B0C0-FEB1C1A11D92}.Release|x64.Build.0 = Release|Any CPU
		{E4226620-3EC4-465F-B0C0-FEB1C1A11D92}.Release|x86.ActiveCfg = Release|Any CPU
		{E4226620-3EC4-465F-B0C0-FEB1C1A11D92}.Release|x86.Build.0 = Release|Any CPU
		{00CDEF89-BEB6-4866-A660-3C2ADA2263F6}.Debug|Any CPU.ActiveCfg = Debug|Any CPU
		{00CDEF89-BEB6-4866-A660-3C2ADA2263F6}.Debug|Any CPU.Build.0 = Debug|Any CPU
		{00CDEF89-BEB6-4866-A660-3C2ADA2263F6}.Debug|x64.ActiveCfg = Debug|Any CPU
		{00CDEF89-BEB6-4866-A660-3C2ADA2263F6}.Debug|x64.Build.0 = Debug|Any CPU
		{00CDEF89-BEB6-4866-A660-3C2ADA2263F6}.Debug|x86.ActiveCfg = Debug|Any CPU
		{00CDEF89-BEB6-4866-A660-3C2ADA2263F6}.Debug|x86.Build.0 = Debug|Any CPU
		{00CDEF89-BEB6-4866-A660-3C2ADA2263F6}.Release|Any CPU.ActiveCfg = Release|Any CPU
		{00CDEF89-BEB6-4866-A660-3C2ADA2263F6}.Release|Any CPU.Build.0 = Release|Any CPU
		{00CDEF89-BEB6-4866-A660-3C2ADA2263F6}.Release|x64.ActiveCfg = Release|Any CPU
		{00CDEF89-BEB6-4866-A660-3C2ADA2263F6}.Release|x64.Build.0 = Release|Any CPU
		{00CDEF89-BEB6-4866-A660-3C2ADA2263F6}.Release|x86.ActiveCfg = Release|Any CPU
		{00CDEF89-BEB6-4866-A660-3C2ADA2263F6}.Release|x86.Build.0 = Release|Any CPU
		{DA05D9E6-E2D2-4709-B195-D345F53A2661}.Debug|Any CPU.ActiveCfg = Debug|Any CPU
		{DA05D9E6-E2D2-4709-B195-D345F53A2661}.Debug|Any CPU.Build.0 = Debug|Any CPU
		{DA05D9E6-E2D2-4709-B195-D345F53A2661}.Debug|x64.ActiveCfg = Debug|Any CPU
		{DA05D9E6-E2D2-4709-B195-D345F53A2661}.Debug|x64.Build.0 = Debug|Any CPU
		{DA05D9E6-E2D2-4709-B195-D345F53A2661}.Debug|x86.ActiveCfg = Debug|Any CPU
		{DA05D9E6-E2D2-4709-B195-D345F53A2661}.Debug|x86.Build.0 = Debug|Any CPU
		{DA05D9E6-E2D2-4709-B195-D345F53A2661}.Release|Any CPU.ActiveCfg = Release|Any CPU
		{DA05D9E6-E2D2-4709-B195-D345F53A2661}.Release|Any CPU.Build.0 = Release|Any CPU
		{DA05D9E6-E2D2-4709-B195-D345F53A2661}.Release|x64.ActiveCfg = Release|Any CPU
		{DA05D9E6-E2D2-4709-B195-D345F53A2661}.Release|x64.Build.0 = Release|Any CPU
		{DA05D9E6-E2D2-4709-B195-D345F53A2661}.Release|x86.ActiveCfg = Release|Any CPU
		{DA05D9E6-E2D2-4709-B195-D345F53A2661}.Release|x86.Build.0 = Release|Any CPU
		{C2F29C63-C5D5-471A-B988-36D7BCC8441D}.Debug|Any CPU.ActiveCfg = Debug|Any CPU
		{C2F29C63-C5D5-471A-B988-36D7BCC8441D}.Debug|Any CPU.Build.0 = Debug|Any CPU
		{C2F29C63-C5D5-471A-B988-36D7BCC8441D}.Debug|x64.ActiveCfg = Debug|Any CPU
		{C2F29C63-C5D5-471A-B988-36D7BCC8441D}.Debug|x64.Build.0 = Debug|Any CPU
		{C2F29C63-C5D5-471A-B988-36D7BCC8441D}.Debug|x86.ActiveCfg = Debug|Any CPU
		{C2F29C63-C5D5-471A-B988-36D7BCC8441D}.Debug|x86.Build.0 = Debug|Any CPU
		{C2F29C63-C5D5-471A-B988-36D7BCC8441D}.Release|Any CPU.ActiveCfg = Release|Any CPU
		{C2F29C63-C5D5-471A-B988-36D7BCC8441D}.Release|Any CPU.Build.0 = Release|Any CPU
		{C2F29C63-C5D5-471A-B988-36D7BCC8441D}.Release|x64.ActiveCfg = Release|Any CPU
		{C2F29C63-C5D5-471A-B988-36D7BCC8441D}.Release|x64.Build.0 = Release|Any CPU
		{C2F29C63-C5D5-471A-B988-36D7BCC8441D}.Release|x86.ActiveCfg = Release|Any CPU
		{C2F29C63-C5D5-471A-B988-36D7BCC8441D}.Release|x86.Build.0 = Release|Any CPU
		{A9AAAA3E-7801-4603-8DBB-877C64F81F63}.Debug|Any CPU.ActiveCfg = Debug|Any CPU
		{A9AAAA3E-7801-4603-8DBB-877C64F81F63}.Debug|Any CPU.Build.0 = Debug|Any CPU
		{A9AAAA3E-7801-4603-8DBB-877C64F81F63}.Debug|x64.ActiveCfg = Debug|Any CPU
		{A9AAAA3E-7801-4603-8DBB-877C64F81F63}.Debug|x64.Build.0 = Debug|Any CPU
		{A9AAAA3E-7801-4603-8DBB-877C64F81F63}.Debug|x86.ActiveCfg = Debug|Any CPU
		{A9AAAA3E-7801-4603-8DBB-877C64F81F63}.Debug|x86.Build.0 = Debug|Any CPU
		{A9AAAA3E-7801-4603-8DBB-877C64F81F63}.Release|Any CPU.ActiveCfg = Release|Any CPU
		{A9AAAA3E-7801-4603-8DBB-877C64F81F63}.Release|Any CPU.Build.0 = Release|Any CPU
		{A9AAAA3E-7801-4603-8DBB-877C64F81F63}.Release|x64.ActiveCfg = Release|Any CPU
		{A9AAAA3E-7801-4603-8DBB-877C64F81F63}.Release|x64.Build.0 = Release|Any CPU
		{A9AAAA3E-7801-4603-8DBB-877C64F81F63}.Release|x86.ActiveCfg = Release|Any CPU
		{A9AAAA3E-7801-4603-8DBB-877C64F81F63}.Release|x86.Build.0 = Release|Any CPU
		{EAA0729C-4166-4D1D-B04D-9A34737B3736}.Debug|Any CPU.ActiveCfg = Debug|Any CPU
		{EAA0729C-4166-4D1D-B04D-9A34737B3736}.Debug|Any CPU.Build.0 = Debug|Any CPU
		{EAA0729C-4166-4D1D-B04D-9A34737B3736}.Debug|x64.ActiveCfg = Debug|Any CPU
		{EAA0729C-4166-4D1D-B04D-9A34737B3736}.Debug|x64.Build.0 = Debug|Any CPU
		{EAA0729C-4166-4D1D-B04D-9A34737B3736}.Debug|x86.ActiveCfg = Debug|Any CPU
		{EAA0729C-4166-4D1D-B04D-9A34737B3736}.Debug|x86.Build.0 = Debug|Any CPU
		{EAA0729C-4166-4D1D-B04D-9A34737B3736}.Release|Any CPU.ActiveCfg = Release|Any CPU
		{EAA0729C-4166-4D1D-B04D-9A34737B3736}.Release|Any CPU.Build.0 = Release|Any CPU
		{EAA0729C-4166-4D1D-B04D-9A34737B3736}.Release|x64.ActiveCfg = Release|Any CPU
		{EAA0729C-4166-4D1D-B04D-9A34737B3736}.Release|x64.Build.0 = Release|Any CPU
		{EAA0729C-4166-4D1D-B04D-9A34737B3736}.Release|x86.ActiveCfg = Release|Any CPU
		{EAA0729C-4166-4D1D-B04D-9A34737B3736}.Release|x86.Build.0 = Release|Any CPU
		{C2729CB4-871C-4E99-8504-2D735FB4C0D4}.Debug|Any CPU.ActiveCfg = Debug|Any CPU
		{C2729CB4-871C-4E99-8504-2D735FB4C0D4}.Debug|Any CPU.Build.0 = Debug|Any CPU
		{C2729CB4-871C-4E99-8504-2D735FB4C0D4}.Debug|x64.ActiveCfg = Debug|Any CPU
		{C2729CB4-871C-4E99-8504-2D735FB4C0D4}.Debug|x64.Build.0 = Debug|Any CPU
		{C2729CB4-871C-4E99-8504-2D735FB4C0D4}.Debug|x86.ActiveCfg = Debug|Any CPU
		{C2729CB4-871C-4E99-8504-2D735FB4C0D4}.Debug|x86.Build.0 = Debug|Any CPU
		{C2729CB4-871C-4E99-8504-2D735FB4C0D4}.Release|Any CPU.ActiveCfg = Release|Any CPU
		{C2729CB4-871C-4E99-8504-2D735FB4C0D4}.Release|Any CPU.Build.0 = Release|Any CPU
		{C2729CB4-871C-4E99-8504-2D735FB4C0D4}.Release|x64.ActiveCfg = Release|Any CPU
		{C2729CB4-871C-4E99-8504-2D735FB4C0D4}.Release|x64.Build.0 = Release|Any CPU
		{C2729CB4-871C-4E99-8504-2D735FB4C0D4}.Release|x86.ActiveCfg = Release|Any CPU
		{C2729CB4-871C-4E99-8504-2D735FB4C0D4}.Release|x86.Build.0 = Release|Any CPU
		{021ED9B9-0C7F-49EA-8730-E9F157B27392}.Debug|Any CPU.ActiveCfg = Debug|Any CPU
		{021ED9B9-0C7F-49EA-8730-E9F157B27392}.Debug|Any CPU.Build.0 = Debug|Any CPU
		{021ED9B9-0C7F-49EA-8730-E9F157B27392}.Debug|x64.ActiveCfg = Debug|Any CPU
		{021ED9B9-0C7F-49EA-8730-E9F157B27392}.Debug|x64.Build.0 = Debug|Any CPU
		{021ED9B9-0C7F-49EA-8730-E9F157B27392}.Debug|x86.ActiveCfg = Debug|Any CPU
		{021ED9B9-0C7F-49EA-8730-E9F157B27392}.Debug|x86.Build.0 = Debug|Any CPU
		{021ED9B9-0C7F-49EA-8730-E9F157B27392}.Release|Any CPU.ActiveCfg = Release|Any CPU
		{021ED9B9-0C7F-49EA-8730-E9F157B27392}.Release|Any CPU.Build.0 = Release|Any CPU
		{021ED9B9-0C7F-49EA-8730-E9F157B27392}.Release|x64.ActiveCfg = Release|Any CPU
		{021ED9B9-0C7F-49EA-8730-E9F157B27392}.Release|x64.Build.0 = Release|Any CPU
		{021ED9B9-0C7F-49EA-8730-E9F157B27392}.Release|x86.ActiveCfg = Release|Any CPU
		{021ED9B9-0C7F-49EA-8730-E9F157B27392}.Release|x86.Build.0 = Release|Any CPU
		{3BEBFEF1-EF10-4AA3-B2C4-20F36E961F0C}.Debug|Any CPU.ActiveCfg = Debug|Any CPU
		{3BEBFEF1-EF10-4AA3-B2C4-20F36E961F0C}.Debug|Any CPU.Build.0 = Debug|Any CPU
		{3BEBFEF1-EF10-4AA3-B2C4-20F36E961F0C}.Debug|x64.ActiveCfg = Debug|Any CPU
		{3BEBFEF1-EF10-4AA3-B2C4-20F36E961F0C}.Debug|x64.Build.0 = Debug|Any CPU
		{3BEBFEF1-EF10-4AA3-B2C4-20F36E961F0C}.Debug|x86.ActiveCfg = Debug|Any CPU
		{3BEBFEF1-EF10-4AA3-B2C4-20F36E961F0C}.Debug|x86.Build.0 = Debug|Any CPU
		{3BEBFEF1-EF10-4AA3-B2C4-20F36E961F0C}.Release|Any CPU.ActiveCfg = Release|Any CPU
		{3BEBFEF1-EF10-4AA3-B2C4-20F36E961F0C}.Release|Any CPU.Build.0 = Release|Any CPU
		{3BEBFEF1-EF10-4AA3-B2C4-20F36E961F0C}.Release|x64.ActiveCfg = Release|Any CPU
		{3BEBFEF1-EF10-4AA3-B2C4-20F36E961F0C}.Release|x64.Build.0 = Release|Any CPU
		{3BEBFEF1-EF10-4AA3-B2C4-20F36E961F0C}.Release|x86.ActiveCfg = Release|Any CPU
		{3BEBFEF1-EF10-4AA3-B2C4-20F36E961F0C}.Release|x86.Build.0 = Release|Any CPU
		{C4D06C6E-08F0-4A3C-B451-234CEE4121CC}.Debug|Any CPU.ActiveCfg = Debug|Any CPU
		{C4D06C6E-08F0-4A3C-B451-234CEE4121CC}.Debug|Any CPU.Build.0 = Debug|Any CPU
		{C4D06C6E-08F0-4A3C-B451-234CEE4121CC}.Debug|x64.ActiveCfg = Debug|Any CPU
		{C4D06C6E-08F0-4A3C-B451-234CEE4121CC}.Debug|x64.Build.0 = Debug|Any CPU
		{C4D06C6E-08F0-4A3C-B451-234CEE4121CC}.Debug|x86.ActiveCfg = Debug|Any CPU
		{C4D06C6E-08F0-4A3C-B451-234CEE4121CC}.Debug|x86.Build.0 = Debug|Any CPU
		{C4D06C6E-08F0-4A3C-B451-234CEE4121CC}.Release|Any CPU.ActiveCfg = Release|Any CPU
		{C4D06C6E-08F0-4A3C-B451-234CEE4121CC}.Release|Any CPU.Build.0 = Release|Any CPU
		{C4D06C6E-08F0-4A3C-B451-234CEE4121CC}.Release|x64.ActiveCfg = Release|Any CPU
		{C4D06C6E-08F0-4A3C-B451-234CEE4121CC}.Release|x64.Build.0 = Release|Any CPU
		{C4D06C6E-08F0-4A3C-B451-234CEE4121CC}.Release|x86.ActiveCfg = Release|Any CPU
		{C4D06C6E-08F0-4A3C-B451-234CEE4121CC}.Release|x86.Build.0 = Release|Any CPU
		{2DE5A6B4-1EAC-46A2-A0F0-AEA125032A4C}.Debug|Any CPU.ActiveCfg = Debug|Any CPU
		{2DE5A6B4-1EAC-46A2-A0F0-AEA125032A4C}.Debug|Any CPU.Build.0 = Debug|Any CPU
		{2DE5A6B4-1EAC-46A2-A0F0-AEA125032A4C}.Debug|x64.ActiveCfg = Debug|Any CPU
		{2DE5A6B4-1EAC-46A2-A0F0-AEA125032A4C}.Debug|x64.Build.0 = Debug|Any CPU
		{2DE5A6B4-1EAC-46A2-A0F0-AEA125032A4C}.Debug|x86.ActiveCfg = Debug|Any CPU
		{2DE5A6B4-1EAC-46A2-A0F0-AEA125032A4C}.Debug|x86.Build.0 = Debug|Any CPU
		{2DE5A6B4-1EAC-46A2-A0F0-AEA125032A4C}.Release|Any CPU.ActiveCfg = Release|Any CPU
		{2DE5A6B4-1EAC-46A2-A0F0-AEA125032A4C}.Release|Any CPU.Build.0 = Release|Any CPU
		{2DE5A6B4-1EAC-46A2-A0F0-AEA125032A4C}.Release|x64.ActiveCfg = Release|Any CPU
		{2DE5A6B4-1EAC-46A2-A0F0-AEA125032A4C}.Release|x64.Build.0 = Release|Any CPU
		{2DE5A6B4-1EAC-46A2-A0F0-AEA125032A4C}.Release|x86.ActiveCfg = Release|Any CPU
		{2DE5A6B4-1EAC-46A2-A0F0-AEA125032A4C}.Release|x86.Build.0 = Release|Any CPU
		{3B152233-55B5-4CF6-A1C3-3C8245E3BF6E}.Debug|Any CPU.ActiveCfg = Debug|Any CPU
		{3B152233-55B5-4CF6-A1C3-3C8245E3BF6E}.Debug|Any CPU.Build.0 = Debug|Any CPU
		{3B152233-55B5-4CF6-A1C3-3C8245E3BF6E}.Debug|x64.ActiveCfg = Debug|Any CPU
		{3B152233-55B5-4CF6-A1C3-3C8245E3BF6E}.Debug|x64.Build.0 = Debug|Any CPU
		{3B152233-55B5-4CF6-A1C3-3C8245E3BF6E}.Debug|x86.ActiveCfg = Debug|Any CPU
		{3B152233-55B5-4CF6-A1C3-3C8245E3BF6E}.Debug|x86.Build.0 = Debug|Any CPU
		{3B152233-55B5-4CF6-A1C3-3C8245E3BF6E}.Release|Any CPU.ActiveCfg = Release|Any CPU
		{3B152233-55B5-4CF6-A1C3-3C8245E3BF6E}.Release|Any CPU.Build.0 = Release|Any CPU
		{3B152233-55B5-4CF6-A1C3-3C8245E3BF6E}.Release|x64.ActiveCfg = Release|Any CPU
		{3B152233-55B5-4CF6-A1C3-3C8245E3BF6E}.Release|x64.Build.0 = Release|Any CPU
		{3B152233-55B5-4CF6-A1C3-3C8245E3BF6E}.Release|x86.ActiveCfg = Release|Any CPU
		{3B152233-55B5-4CF6-A1C3-3C8245E3BF6E}.Release|x86.Build.0 = Release|Any CPU
		{12B0B6DE-97D5-4704-BB77-D45B3DC917D2}.Debug|Any CPU.ActiveCfg = Debug|Any CPU
		{12B0B6DE-97D5-4704-BB77-D45B3DC917D2}.Debug|Any CPU.Build.0 = Debug|Any CPU
		{12B0B6DE-97D5-4704-BB77-D45B3DC917D2}.Debug|x64.ActiveCfg = Debug|Any CPU
		{12B0B6DE-97D5-4704-BB77-D45B3DC917D2}.Debug|x64.Build.0 = Debug|Any CPU
		{12B0B6DE-97D5-4704-BB77-D45B3DC917D2}.Debug|x86.ActiveCfg = Debug|Any CPU
		{12B0B6DE-97D5-4704-BB77-D45B3DC917D2}.Debug|x86.Build.0 = Debug|Any CPU
		{12B0B6DE-97D5-4704-BB77-D45B3DC917D2}.Release|Any CPU.ActiveCfg = Release|Any CPU
		{12B0B6DE-97D5-4704-BB77-D45B3DC917D2}.Release|Any CPU.Build.0 = Release|Any CPU
		{12B0B6DE-97D5-4704-BB77-D45B3DC917D2}.Release|x64.ActiveCfg = Release|Any CPU
		{12B0B6DE-97D5-4704-BB77-D45B3DC917D2}.Release|x64.Build.0 = Release|Any CPU
		{12B0B6DE-97D5-4704-BB77-D45B3DC917D2}.Release|x86.ActiveCfg = Release|Any CPU
		{12B0B6DE-97D5-4704-BB77-D45B3DC917D2}.Release|x86.Build.0 = Release|Any CPU
		{B693B9CB-ED87-4378-9981-449056C16DB3}.Debug|Any CPU.ActiveCfg = Debug|Any CPU
		{B693B9CB-ED87-4378-9981-449056C16DB3}.Debug|Any CPU.Build.0 = Debug|Any CPU
		{B693B9CB-ED87-4378-9981-449056C16DB3}.Debug|x64.ActiveCfg = Debug|Any CPU
		{B693B9CB-ED87-4378-9981-449056C16DB3}.Debug|x64.Build.0 = Debug|Any CPU
		{B693B9CB-ED87-4378-9981-449056C16DB3}.Debug|x86.ActiveCfg = Debug|Any CPU
		{B693B9CB-ED87-4378-9981-449056C16DB3}.Debug|x86.Build.0 = Debug|Any CPU
		{B693B9CB-ED87-4378-9981-449056C16DB3}.Release|Any CPU.ActiveCfg = Release|Any CPU
		{B693B9CB-ED87-4378-9981-449056C16DB3}.Release|Any CPU.Build.0 = Release|Any CPU
		{B693B9CB-ED87-4378-9981-449056C16DB3}.Release|x64.ActiveCfg = Release|Any CPU
		{B693B9CB-ED87-4378-9981-449056C16DB3}.Release|x64.Build.0 = Release|Any CPU
		{B693B9CB-ED87-4378-9981-449056C16DB3}.Release|x86.ActiveCfg = Release|Any CPU
		{B693B9CB-ED87-4378-9981-449056C16DB3}.Release|x86.Build.0 = Release|Any CPU
		{323CC5BA-C92B-4C9D-934D-E5C68D78E06D}.Debug|Any CPU.ActiveCfg = Debug|Any CPU
		{323CC5BA-C92B-4C9D-934D-E5C68D78E06D}.Debug|Any CPU.Build.0 = Debug|Any CPU
		{323CC5BA-C92B-4C9D-934D-E5C68D78E06D}.Debug|x64.ActiveCfg = Debug|Any CPU
		{323CC5BA-C92B-4C9D-934D-E5C68D78E06D}.Debug|x64.Build.0 = Debug|Any CPU
		{323CC5BA-C92B-4C9D-934D-E5C68D78E06D}.Debug|x86.ActiveCfg = Debug|Any CPU
		{323CC5BA-C92B-4C9D-934D-E5C68D78E06D}.Debug|x86.Build.0 = Debug|Any CPU
		{323CC5BA-C92B-4C9D-934D-E5C68D78E06D}.Release|Any CPU.ActiveCfg = Release|Any CPU
		{323CC5BA-C92B-4C9D-934D-E5C68D78E06D}.Release|Any CPU.Build.0 = Release|Any CPU
		{323CC5BA-C92B-4C9D-934D-E5C68D78E06D}.Release|x64.ActiveCfg = Release|Any CPU
		{323CC5BA-C92B-4C9D-934D-E5C68D78E06D}.Release|x64.Build.0 = Release|Any CPU
		{323CC5BA-C92B-4C9D-934D-E5C68D78E06D}.Release|x86.ActiveCfg = Release|Any CPU
		{323CC5BA-C92B-4C9D-934D-E5C68D78E06D}.Release|x86.Build.0 = Release|Any CPU
		{F33F5392-5C33-41B3-BAAC-9634FE26DFB4}.Debug|Any CPU.ActiveCfg = Debug|Any CPU
		{F33F5392-5C33-41B3-BAAC-9634FE26DFB4}.Debug|Any CPU.Build.0 = Debug|Any CPU
		{F33F5392-5C33-41B3-BAAC-9634FE26DFB4}.Debug|x64.ActiveCfg = Debug|Any CPU
		{F33F5392-5C33-41B3-BAAC-9634FE26DFB4}.Debug|x64.Build.0 = Debug|Any CPU
		{F33F5392-5C33-41B3-BAAC-9634FE26DFB4}.Debug|x86.ActiveCfg = Debug|Any CPU
		{F33F5392-5C33-41B3-BAAC-9634FE26DFB4}.Debug|x86.Build.0 = Debug|Any CPU
		{F33F5392-5C33-41B3-BAAC-9634FE26DFB4}.Release|Any CPU.ActiveCfg = Release|Any CPU
		{F33F5392-5C33-41B3-BAAC-9634FE26DFB4}.Release|Any CPU.Build.0 = Release|Any CPU
		{F33F5392-5C33-41B3-BAAC-9634FE26DFB4}.Release|x64.ActiveCfg = Release|Any CPU
		{F33F5392-5C33-41B3-BAAC-9634FE26DFB4}.Release|x64.Build.0 = Release|Any CPU
		{F33F5392-5C33-41B3-BAAC-9634FE26DFB4}.Release|x86.ActiveCfg = Release|Any CPU
		{F33F5392-5C33-41B3-BAAC-9634FE26DFB4}.Release|x86.Build.0 = Release|Any CPU
		{54A6F2CD-FEBE-4DC5-B7B5-D9C342584DE8}.Debug|Any CPU.ActiveCfg = Debug|Any CPU
		{54A6F2CD-FEBE-4DC5-B7B5-D9C342584DE8}.Debug|Any CPU.Build.0 = Debug|Any CPU
		{54A6F2CD-FEBE-4DC5-B7B5-D9C342584DE8}.Debug|x64.ActiveCfg = Debug|Any CPU
		{54A6F2CD-FEBE-4DC5-B7B5-D9C342584DE8}.Debug|x64.Build.0 = Debug|Any CPU
		{54A6F2CD-FEBE-4DC5-B7B5-D9C342584DE8}.Debug|x86.ActiveCfg = Debug|Any CPU
		{54A6F2CD-FEBE-4DC5-B7B5-D9C342584DE8}.Debug|x86.Build.0 = Debug|Any CPU
		{54A6F2CD-FEBE-4DC5-B7B5-D9C342584DE8}.Release|Any CPU.ActiveCfg = Release|Any CPU
		{54A6F2CD-FEBE-4DC5-B7B5-D9C342584DE8}.Release|Any CPU.Build.0 = Release|Any CPU
		{54A6F2CD-FEBE-4DC5-B7B5-D9C342584DE8}.Release|x64.ActiveCfg = Release|Any CPU
		{54A6F2CD-FEBE-4DC5-B7B5-D9C342584DE8}.Release|x64.Build.0 = Release|Any CPU
		{54A6F2CD-FEBE-4DC5-B7B5-D9C342584DE8}.Release|x86.ActiveCfg = Release|Any CPU
		{54A6F2CD-FEBE-4DC5-B7B5-D9C342584DE8}.Release|x86.Build.0 = Release|Any CPU
		{AF8870BD-2540-42D8-BE15-9CA234AB336F}.Debug|Any CPU.ActiveCfg = Debug|Any CPU
		{AF8870BD-2540-42D8-BE15-9CA234AB336F}.Debug|Any CPU.Build.0 = Debug|Any CPU
		{AF8870BD-2540-42D8-BE15-9CA234AB336F}.Debug|x64.ActiveCfg = Debug|Any CPU
		{AF8870BD-2540-42D8-BE15-9CA234AB336F}.Debug|x64.Build.0 = Debug|Any CPU
		{AF8870BD-2540-42D8-BE15-9CA234AB336F}.Debug|x86.ActiveCfg = Debug|Any CPU
		{AF8870BD-2540-42D8-BE15-9CA234AB336F}.Debug|x86.Build.0 = Debug|Any CPU
		{AF8870BD-2540-42D8-BE15-9CA234AB336F}.Release|Any CPU.ActiveCfg = Release|Any CPU
		{AF8870BD-2540-42D8-BE15-9CA234AB336F}.Release|Any CPU.Build.0 = Release|Any CPU
		{AF8870BD-2540-42D8-BE15-9CA234AB336F}.Release|x64.ActiveCfg = Release|Any CPU
		{AF8870BD-2540-42D8-BE15-9CA234AB336F}.Release|x64.Build.0 = Release|Any CPU
		{AF8870BD-2540-42D8-BE15-9CA234AB336F}.Release|x86.ActiveCfg = Release|Any CPU
		{AF8870BD-2540-42D8-BE15-9CA234AB336F}.Release|x86.Build.0 = Release|Any CPU
		{7E558840-07A7-4AFA-A498-24A5DF25C0AC}.Debug|Any CPU.ActiveCfg = Debug|Any CPU
		{7E558840-07A7-4AFA-A498-24A5DF25C0AC}.Debug|Any CPU.Build.0 = Debug|Any CPU
		{7E558840-07A7-4AFA-A498-24A5DF25C0AC}.Debug|x64.ActiveCfg = Debug|Any CPU
		{7E558840-07A7-4AFA-A498-24A5DF25C0AC}.Debug|x64.Build.0 = Debug|Any CPU
		{7E558840-07A7-4AFA-A498-24A5DF25C0AC}.Debug|x86.ActiveCfg = Debug|Any CPU
		{7E558840-07A7-4AFA-A498-24A5DF25C0AC}.Debug|x86.Build.0 = Debug|Any CPU
		{7E558840-07A7-4AFA-A498-24A5DF25C0AC}.Release|Any CPU.ActiveCfg = Release|Any CPU
		{7E558840-07A7-4AFA-A498-24A5DF25C0AC}.Release|Any CPU.Build.0 = Release|Any CPU
		{7E558840-07A7-4AFA-A498-24A5DF25C0AC}.Release|x64.ActiveCfg = Release|Any CPU
		{7E558840-07A7-4AFA-A498-24A5DF25C0AC}.Release|x64.Build.0 = Release|Any CPU
		{7E558840-07A7-4AFA-A498-24A5DF25C0AC}.Release|x86.ActiveCfg = Release|Any CPU
		{7E558840-07A7-4AFA-A498-24A5DF25C0AC}.Release|x86.Build.0 = Release|Any CPU
		{80B35F9F-5CDD-4696-ADEB-C62CD9FDFBAD}.Debug|Any CPU.ActiveCfg = Debug|Any CPU
		{80B35F9F-5CDD-4696-ADEB-C62CD9FDFBAD}.Debug|Any CPU.Build.0 = Debug|Any CPU
		{80B35F9F-5CDD-4696-ADEB-C62CD9FDFBAD}.Debug|x64.ActiveCfg = Debug|Any CPU
		{80B35F9F-5CDD-4696-ADEB-C62CD9FDFBAD}.Debug|x64.Build.0 = Debug|Any CPU
		{80B35F9F-5CDD-4696-ADEB-C62CD9FDFBAD}.Debug|x86.ActiveCfg = Debug|Any CPU
		{80B35F9F-5CDD-4696-ADEB-C62CD9FDFBAD}.Debug|x86.Build.0 = Debug|Any CPU
		{80B35F9F-5CDD-4696-ADEB-C62CD9FDFBAD}.Release|Any CPU.ActiveCfg = Release|Any CPU
		{80B35F9F-5CDD-4696-ADEB-C62CD9FDFBAD}.Release|Any CPU.Build.0 = Release|Any CPU
		{80B35F9F-5CDD-4696-ADEB-C62CD9FDFBAD}.Release|x64.ActiveCfg = Release|Any CPU
		{80B35F9F-5CDD-4696-ADEB-C62CD9FDFBAD}.Release|x64.Build.0 = Release|Any CPU
		{80B35F9F-5CDD-4696-ADEB-C62CD9FDFBAD}.Release|x86.ActiveCfg = Release|Any CPU
		{80B35F9F-5CDD-4696-ADEB-C62CD9FDFBAD}.Release|x86.Build.0 = Release|Any CPU
		{0281A5C3-CF42-41E0-A2A4-C1F7B46A2401}.Debug|Any CPU.ActiveCfg = Debug|Any CPU
		{0281A5C3-CF42-41E0-A2A4-C1F7B46A2401}.Debug|Any CPU.Build.0 = Debug|Any CPU
		{0281A5C3-CF42-41E0-A2A4-C1F7B46A2401}.Debug|x64.ActiveCfg = Debug|Any CPU
		{0281A5C3-CF42-41E0-A2A4-C1F7B46A2401}.Debug|x64.Build.0 = Debug|Any CPU
		{0281A5C3-CF42-41E0-A2A4-C1F7B46A2401}.Debug|x86.ActiveCfg = Debug|Any CPU
		{0281A5C3-CF42-41E0-A2A4-C1F7B46A2401}.Debug|x86.Build.0 = Debug|Any CPU
		{0281A5C3-CF42-41E0-A2A4-C1F7B46A2401}.Release|Any CPU.ActiveCfg = Release|Any CPU
		{0281A5C3-CF42-41E0-A2A4-C1F7B46A2401}.Release|Any CPU.Build.0 = Release|Any CPU
		{0281A5C3-CF42-41E0-A2A4-C1F7B46A2401}.Release|x64.ActiveCfg = Release|Any CPU
		{0281A5C3-CF42-41E0-A2A4-C1F7B46A2401}.Release|x64.Build.0 = Release|Any CPU
		{0281A5C3-CF42-41E0-A2A4-C1F7B46A2401}.Release|x86.ActiveCfg = Release|Any CPU
		{0281A5C3-CF42-41E0-A2A4-C1F7B46A2401}.Release|x86.Build.0 = Release|Any CPU
		{BC941AF4-9E30-489A-9AFB-95958C638C5C}.Debug|Any CPU.ActiveCfg = Debug|Any CPU
		{BC941AF4-9E30-489A-9AFB-95958C638C5C}.Debug|Any CPU.Build.0 = Debug|Any CPU
		{BC941AF4-9E30-489A-9AFB-95958C638C5C}.Debug|x64.ActiveCfg = Debug|Any CPU
		{BC941AF4-9E30-489A-9AFB-95958C638C5C}.Debug|x64.Build.0 = Debug|Any CPU
		{BC941AF4-9E30-489A-9AFB-95958C638C5C}.Debug|x86.ActiveCfg = Debug|Any CPU
		{BC941AF4-9E30-489A-9AFB-95958C638C5C}.Debug|x86.Build.0 = Debug|Any CPU
		{BC941AF4-9E30-489A-9AFB-95958C638C5C}.Release|Any CPU.ActiveCfg = Release|Any CPU
		{BC941AF4-9E30-489A-9AFB-95958C638C5C}.Release|Any CPU.Build.0 = Release|Any CPU
		{BC941AF4-9E30-489A-9AFB-95958C638C5C}.Release|x64.ActiveCfg = Release|Any CPU
		{BC941AF4-9E30-489A-9AFB-95958C638C5C}.Release|x64.Build.0 = Release|Any CPU
		{BC941AF4-9E30-489A-9AFB-95958C638C5C}.Release|x86.ActiveCfg = Release|Any CPU
		{BC941AF4-9E30-489A-9AFB-95958C638C5C}.Release|x86.Build.0 = Release|Any CPU
		{BEC1B9A1-E0B4-4CEF-810B-A9F65742A0A5}.Debug|Any CPU.ActiveCfg = Debug|Any CPU
		{BEC1B9A1-E0B4-4CEF-810B-A9F65742A0A5}.Debug|Any CPU.Build.0 = Debug|Any CPU
		{BEC1B9A1-E0B4-4CEF-810B-A9F65742A0A5}.Debug|x64.ActiveCfg = Debug|Any CPU
		{BEC1B9A1-E0B4-4CEF-810B-A9F65742A0A5}.Debug|x64.Build.0 = Debug|Any CPU
		{BEC1B9A1-E0B4-4CEF-810B-A9F65742A0A5}.Debug|x86.ActiveCfg = Debug|Any CPU
		{BEC1B9A1-E0B4-4CEF-810B-A9F65742A0A5}.Debug|x86.Build.0 = Debug|Any CPU
		{BEC1B9A1-E0B4-4CEF-810B-A9F65742A0A5}.Release|Any CPU.ActiveCfg = Release|Any CPU
		{BEC1B9A1-E0B4-4CEF-810B-A9F65742A0A5}.Release|Any CPU.Build.0 = Release|Any CPU
		{BEC1B9A1-E0B4-4CEF-810B-A9F65742A0A5}.Release|x64.ActiveCfg = Release|Any CPU
		{BEC1B9A1-E0B4-4CEF-810B-A9F65742A0A5}.Release|x64.Build.0 = Release|Any CPU
		{BEC1B9A1-E0B4-4CEF-810B-A9F65742A0A5}.Release|x86.ActiveCfg = Release|Any CPU
		{BEC1B9A1-E0B4-4CEF-810B-A9F65742A0A5}.Release|x86.Build.0 = Release|Any CPU
		{D014D9B9-9D3D-4645-814F-CC127542D46E}.Debug|Any CPU.ActiveCfg = Debug|Any CPU
		{D014D9B9-9D3D-4645-814F-CC127542D46E}.Debug|Any CPU.Build.0 = Debug|Any CPU
		{D014D9B9-9D3D-4645-814F-CC127542D46E}.Debug|x64.ActiveCfg = Debug|Any CPU
		{D014D9B9-9D3D-4645-814F-CC127542D46E}.Debug|x64.Build.0 = Debug|Any CPU
		{D014D9B9-9D3D-4645-814F-CC127542D46E}.Debug|x86.ActiveCfg = Debug|Any CPU
		{D014D9B9-9D3D-4645-814F-CC127542D46E}.Debug|x86.Build.0 = Debug|Any CPU
		{D014D9B9-9D3D-4645-814F-CC127542D46E}.Release|Any CPU.ActiveCfg = Release|Any CPU
		{D014D9B9-9D3D-4645-814F-CC127542D46E}.Release|Any CPU.Build.0 = Release|Any CPU
		{D014D9B9-9D3D-4645-814F-CC127542D46E}.Release|x64.ActiveCfg = Release|Any CPU
		{D014D9B9-9D3D-4645-814F-CC127542D46E}.Release|x64.Build.0 = Release|Any CPU
		{D014D9B9-9D3D-4645-814F-CC127542D46E}.Release|x86.ActiveCfg = Release|Any CPU
		{D014D9B9-9D3D-4645-814F-CC127542D46E}.Release|x86.Build.0 = Release|Any CPU
		{D4E8F8C7-1C66-4CA1-B99D-40BB42B81F39}.Debug|Any CPU.ActiveCfg = Debug|Any CPU
		{D4E8F8C7-1C66-4CA1-B99D-40BB42B81F39}.Debug|Any CPU.Build.0 = Debug|Any CPU
		{D4E8F8C7-1C66-4CA1-B99D-40BB42B81F39}.Debug|x64.ActiveCfg = Debug|Any CPU
		{D4E8F8C7-1C66-4CA1-B99D-40BB42B81F39}.Debug|x64.Build.0 = Debug|Any CPU
		{D4E8F8C7-1C66-4CA1-B99D-40BB42B81F39}.Debug|x86.ActiveCfg = Debug|Any CPU
		{D4E8F8C7-1C66-4CA1-B99D-40BB42B81F39}.Debug|x86.Build.0 = Debug|Any CPU
		{D4E8F8C7-1C66-4CA1-B99D-40BB42B81F39}.Release|Any CPU.ActiveCfg = Release|Any CPU
		{D4E8F8C7-1C66-4CA1-B99D-40BB42B81F39}.Release|Any CPU.Build.0 = Release|Any CPU
		{D4E8F8C7-1C66-4CA1-B99D-40BB42B81F39}.Release|x64.ActiveCfg = Release|Any CPU
		{D4E8F8C7-1C66-4CA1-B99D-40BB42B81F39}.Release|x64.Build.0 = Release|Any CPU
		{D4E8F8C7-1C66-4CA1-B99D-40BB42B81F39}.Release|x86.ActiveCfg = Release|Any CPU
		{D4E8F8C7-1C66-4CA1-B99D-40BB42B81F39}.Release|x86.Build.0 = Release|Any CPU
		{B6084BB9-217F-4571-8F6C-8E892719B636}.Debug|Any CPU.ActiveCfg = Debug|Any CPU
		{B6084BB9-217F-4571-8F6C-8E892719B636}.Debug|Any CPU.Build.0 = Debug|Any CPU
		{B6084BB9-217F-4571-8F6C-8E892719B636}.Debug|x64.ActiveCfg = Debug|Any CPU
		{B6084BB9-217F-4571-8F6C-8E892719B636}.Debug|x64.Build.0 = Debug|Any CPU
		{B6084BB9-217F-4571-8F6C-8E892719B636}.Debug|x86.ActiveCfg = Debug|Any CPU
		{B6084BB9-217F-4571-8F6C-8E892719B636}.Debug|x86.Build.0 = Debug|Any CPU
		{B6084BB9-217F-4571-8F6C-8E892719B636}.Release|Any CPU.ActiveCfg = Release|Any CPU
		{B6084BB9-217F-4571-8F6C-8E892719B636}.Release|Any CPU.Build.0 = Release|Any CPU
		{B6084BB9-217F-4571-8F6C-8E892719B636}.Release|x64.ActiveCfg = Release|Any CPU
		{B6084BB9-217F-4571-8F6C-8E892719B636}.Release|x64.Build.0 = Release|Any CPU
		{B6084BB9-217F-4571-8F6C-8E892719B636}.Release|x86.ActiveCfg = Release|Any CPU
		{B6084BB9-217F-4571-8F6C-8E892719B636}.Release|x86.Build.0 = Release|Any CPU
		{291F77CF-9DF3-4D7F-B884-501CE4FE8750}.Debug|Any CPU.ActiveCfg = Debug|Any CPU
		{291F77CF-9DF3-4D7F-B884-501CE4FE8750}.Debug|Any CPU.Build.0 = Debug|Any CPU
		{291F77CF-9DF3-4D7F-B884-501CE4FE8750}.Debug|x64.ActiveCfg = Debug|Any CPU
		{291F77CF-9DF3-4D7F-B884-501CE4FE8750}.Debug|x64.Build.0 = Debug|Any CPU
		{291F77CF-9DF3-4D7F-B884-501CE4FE8750}.Debug|x86.ActiveCfg = Debug|Any CPU
		{291F77CF-9DF3-4D7F-B884-501CE4FE8750}.Debug|x86.Build.0 = Debug|Any CPU
		{291F77CF-9DF3-4D7F-B884-501CE4FE8750}.Release|Any CPU.ActiveCfg = Release|Any CPU
		{291F77CF-9DF3-4D7F-B884-501CE4FE8750}.Release|Any CPU.Build.0 = Release|Any CPU
		{291F77CF-9DF3-4D7F-B884-501CE4FE8750}.Release|x64.ActiveCfg = Release|Any CPU
		{291F77CF-9DF3-4D7F-B884-501CE4FE8750}.Release|x64.Build.0 = Release|Any CPU
		{291F77CF-9DF3-4D7F-B884-501CE4FE8750}.Release|x86.ActiveCfg = Release|Any CPU
		{291F77CF-9DF3-4D7F-B884-501CE4FE8750}.Release|x86.Build.0 = Release|Any CPU
		{1877E50B-6FB7-42F1-8E4B-5C17FA46DEDA}.Debug|Any CPU.ActiveCfg = Debug|Any CPU
		{1877E50B-6FB7-42F1-8E4B-5C17FA46DEDA}.Debug|Any CPU.Build.0 = Debug|Any CPU
		{1877E50B-6FB7-42F1-8E4B-5C17FA46DEDA}.Debug|x64.ActiveCfg = Debug|Any CPU
		{1877E50B-6FB7-42F1-8E4B-5C17FA46DEDA}.Debug|x64.Build.0 = Debug|Any CPU
		{1877E50B-6FB7-42F1-8E4B-5C17FA46DEDA}.Debug|x86.ActiveCfg = Debug|Any CPU
		{1877E50B-6FB7-42F1-8E4B-5C17FA46DEDA}.Debug|x86.Build.0 = Debug|Any CPU
		{1877E50B-6FB7-42F1-8E4B-5C17FA46DEDA}.Release|Any CPU.ActiveCfg = Release|Any CPU
		{1877E50B-6FB7-42F1-8E4B-5C17FA46DEDA}.Release|Any CPU.Build.0 = Release|Any CPU
		{1877E50B-6FB7-42F1-8E4B-5C17FA46DEDA}.Release|x64.ActiveCfg = Release|Any CPU
		{1877E50B-6FB7-42F1-8E4B-5C17FA46DEDA}.Release|x64.Build.0 = Release|Any CPU
		{1877E50B-6FB7-42F1-8E4B-5C17FA46DEDA}.Release|x86.ActiveCfg = Release|Any CPU
		{1877E50B-6FB7-42F1-8E4B-5C17FA46DEDA}.Release|x86.Build.0 = Release|Any CPU
		{DA37A7A9-0C08-4D62-8B07-BD0114058E47}.Debug|Any CPU.ActiveCfg = Debug|Any CPU
		{DA37A7A9-0C08-4D62-8B07-BD0114058E47}.Debug|Any CPU.Build.0 = Debug|Any CPU
		{DA37A7A9-0C08-4D62-8B07-BD0114058E47}.Debug|x64.ActiveCfg = Debug|Any CPU
		{DA37A7A9-0C08-4D62-8B07-BD0114058E47}.Debug|x64.Build.0 = Debug|Any CPU
		{DA37A7A9-0C08-4D62-8B07-BD0114058E47}.Debug|x86.ActiveCfg = Debug|Any CPU
		{DA37A7A9-0C08-4D62-8B07-BD0114058E47}.Debug|x86.Build.0 = Debug|Any CPU
		{DA37A7A9-0C08-4D62-8B07-BD0114058E47}.Release|Any CPU.ActiveCfg = Release|Any CPU
		{DA37A7A9-0C08-4D62-8B07-BD0114058E47}.Release|Any CPU.Build.0 = Release|Any CPU
		{DA37A7A9-0C08-4D62-8B07-BD0114058E47}.Release|x64.ActiveCfg = Release|Any CPU
		{DA37A7A9-0C08-4D62-8B07-BD0114058E47}.Release|x64.Build.0 = Release|Any CPU
		{DA37A7A9-0C08-4D62-8B07-BD0114058E47}.Release|x86.ActiveCfg = Release|Any CPU
		{DA37A7A9-0C08-4D62-8B07-BD0114058E47}.Release|x86.Build.0 = Release|Any CPU
	EndGlobalSection
	GlobalSection(SolutionProperties) = preSolution
		HideSolutionNode = FALSE
	EndGlobalSection
	GlobalSection(NestedProjects) = preSolution
		{7BAFED91-94B6-41F7-AD04-32AA6046FC47} = {11B36BA5-F25D-4CFB-A03E-D0FFCA64D498}
		{47E0BB10-6C8A-4062-8365-DFB94406A74F} = {11B36BA5-F25D-4CFB-A03E-D0FFCA64D498}
		{29B204CD-2591-4B04-852C-E8C7B3BCEF44} = {11B36BA5-F25D-4CFB-A03E-D0FFCA64D498}
		{084C6431-A50E-422F-817A-A4C826413A92} = {11B36BA5-F25D-4CFB-A03E-D0FFCA64D498}
		{2404E145-2365-4857-9FFB-111A0BF5A42E} = {11B36BA5-F25D-4CFB-A03E-D0FFCA64D498}
		{374C7C6E-8048-4AEC-BF3F-93BDA03472CB} = {11B36BA5-F25D-4CFB-A03E-D0FFCA64D498}
		{4D5E3877-D5F1-44AE-A4F2-07E6A334D181} = {11B36BA5-F25D-4CFB-A03E-D0FFCA64D498}
		{2BF9B62A-DF70-4DBB-8AD0-1A59A1CC575D} = {11B36BA5-F25D-4CFB-A03E-D0FFCA64D498}
		{AA0FD8C3-FC0C-4CDB-A915-B76AAB85CE14} = {11B36BA5-F25D-4CFB-A03E-D0FFCA64D498}
		{E3EC0983-D6C2-4771-B048-C68B70F9EC0C} = {11B36BA5-F25D-4CFB-A03E-D0FFCA64D498}
		{A80323DC-6AB5-45AD-ADEC-4280C8A86945} = {11B36BA5-F25D-4CFB-A03E-D0FFCA64D498}
		{E16BE3D8-25A2-40F7-83F1-430346D51E1E} = {11B36BA5-F25D-4CFB-A03E-D0FFCA64D498}
		{B8D10FC1-05FE-42EE-B76B-F950E96A9161} = {11B36BA5-F25D-4CFB-A03E-D0FFCA64D498}
		{02BFBAED-29CD-4E3D-923C-7E03AF59D9F1} = {11B36BA5-F25D-4CFB-A03E-D0FFCA64D498}
		{D03AE00C-A451-4E2C-92D4-BE12A12EF76F} = {11B36BA5-F25D-4CFB-A03E-D0FFCA64D498}
		{826C1999-4E5E-44FB-83A3-3C131690B841} = {9675822A-F4D1-4C90-920B-916D31EF4535}
		{DD8FFA4C-EBAF-4AD0-B485-2B4C5697BF81} = {9675822A-F4D1-4C90-920B-916D31EF4535}
		{E4226620-3EC4-465F-B0C0-FEB1C1A11D92} = {9675822A-F4D1-4C90-920B-916D31EF4535}
		{00CDEF89-BEB6-4866-A660-3C2ADA2263F6} = {9675822A-F4D1-4C90-920B-916D31EF4535}
		{DA05D9E6-E2D2-4709-B195-D345F53A2661} = {9675822A-F4D1-4C90-920B-916D31EF4535}
		{C2F29C63-C5D5-471A-B988-36D7BCC8441D} = {9675822A-F4D1-4C90-920B-916D31EF4535}
		{A9AAAA3E-7801-4603-8DBB-877C64F81F63} = {9675822A-F4D1-4C90-920B-916D31EF4535}
		{EAA0729C-4166-4D1D-B04D-9A34737B3736} = {9675822A-F4D1-4C90-920B-916D31EF4535}
		{C2729CB4-871C-4E99-8504-2D735FB4C0D4} = {9675822A-F4D1-4C90-920B-916D31EF4535}
		{021ED9B9-0C7F-49EA-8730-E9F157B27392} = {9675822A-F4D1-4C90-920B-916D31EF4535}
		{3BEBFEF1-EF10-4AA3-B2C4-20F36E961F0C} = {9675822A-F4D1-4C90-920B-916D31EF4535}
		{C4D06C6E-08F0-4A3C-B451-234CEE4121CC} = {9675822A-F4D1-4C90-920B-916D31EF4535}
		{2DE5A6B4-1EAC-46A2-A0F0-AEA125032A4C} = {9675822A-F4D1-4C90-920B-916D31EF4535}
		{3B152233-55B5-4CF6-A1C3-3C8245E3BF6E} = {9675822A-F4D1-4C90-920B-916D31EF4535}
		{12B0B6DE-97D5-4704-BB77-D45B3DC917D2} = {07C2787E-EAC7-C090-1BA3-A61EC2A24D84}
		{B693B9CB-ED87-4378-9981-449056C16DB3} = {07C2787E-EAC7-C090-1BA3-A61EC2A24D84}
		{323CC5BA-C92B-4C9D-934D-E5C68D78E06D} = {11B36BA5-F25D-4CFB-A03E-D0FFCA64D498}
		{F33F5392-5C33-41B3-BAAC-9634FE26DFB4} = {11B36BA5-F25D-4CFB-A03E-D0FFCA64D498}
		{54A6F2CD-FEBE-4DC5-B7B5-D9C342584DE8} = {11B36BA5-F25D-4CFB-A03E-D0FFCA64D498}
		{AF8870BD-2540-42D8-BE15-9CA234AB336F} = {11B36BA5-F25D-4CFB-A03E-D0FFCA64D498}
		{7E558840-07A7-4AFA-A498-24A5DF25C0AC} = {11B36BA5-F25D-4CFB-A03E-D0FFCA64D498}
		{80B35F9F-5CDD-4696-ADEB-C62CD9FDFBAD} = {11B36BA5-F25D-4CFB-A03E-D0FFCA64D498}
		{0281A5C3-CF42-41E0-A2A4-C1F7B46A2401} = {11B36BA5-F25D-4CFB-A03E-D0FFCA64D498}
		{BC941AF4-9E30-489A-9AFB-95958C638C5C} = {11B36BA5-F25D-4CFB-A03E-D0FFCA64D498}
		{BEC1B9A1-E0B4-4CEF-810B-A9F65742A0A5} = {11B36BA5-F25D-4CFB-A03E-D0FFCA64D498}
		{D014D9B9-9D3D-4645-814F-CC127542D46E} = {11B36BA5-F25D-4CFB-A03E-D0FFCA64D498}
		{D4E8F8C7-1C66-4CA1-B99D-40BB42B81F39} = {11B36BA5-F25D-4CFB-A03E-D0FFCA64D498}
		{B6084BB9-217F-4571-8F6C-8E892719B636} = {11B36BA5-F25D-4CFB-A03E-D0FFCA64D498}
		{291F77CF-9DF3-4D7F-B884-501CE4FE8750} = {11B36BA5-F25D-4CFB-A03E-D0FFCA64D498}
		{1877E50B-6FB7-42F1-8E4B-5C17FA46DEDA} = {11B36BA5-F25D-4CFB-A03E-D0FFCA64D498}
		{DA37A7A9-0C08-4D62-8B07-BD0114058E47} = {11B36BA5-F25D-4CFB-A03E-D0FFCA64D498}
	EndGlobalSection
EndGlobal
